PODS:
  - Alamofire (5.0.0-rc.3)
  - Kingfisher (5.10.1):
    - Kingfisher/Core (= 5.10.1)
  - Kingfisher/Core (5.10.1)
  - Log (2.0)

DEPENDENCIES:
  - Alamofire (~> 5.0.0-rc.3)
  - Kingfisher
  - Log

SPEC REPOS:
  trunk:
    - Alamofire
    - Kingfisher
    - Log

SPEC CHECKSUMS:
  Alamofire: ca8c0de6906873be89d6deec5c8de279e00bf872
  Kingfisher: eb36b7dfcc78d60877051c92c119a2865972961a
  Log: 73fab10e8b88f15cef5f322b12c9be87cf19ee6e

PODFILE CHECKSUM: 9110571e66f3fc1588a09d99b627931a31b3738a

COCOAPODS: 1.8.4
